
Microsoft Visual Studio Solution File, Format Version 12.00
# Visual Studio Version 16
VisualStudioVersion = 16.0.29403.142
MinimumVisualStudioVersion = 10.0.40219.1
Project("{FAE04EC0-301F-11D3-BF4B-00C04F79EFBC}") = "Reflection", "Reflection.csproj", "{447B9149-0794-44F7-A283-E8E4EAED48EB}"
EndProject
Global
	GlobalSection(SolutionConfigurationPlatforms) = preSolution
		Debug|Any CPU = Debug|Any CPU
		Release|Any CPU = Release|Any CPU
	EndGlobalSection
	GlobalSection(ProjectConfigurationPlatforms) = postSolution
		{447B9149-0794-44F7-A283-E8E4EAED48EB}.Debug|Any CPU.ActiveCfg = Debug|Any CPU
		{447B9149-0794-44F7-A283-E8E4EAED48EB}.Debug|Any CPU.Build.0 = Debug|Any CPU
		{447B9149-0794-44F7-A283-E8E4EAED48EB}.Release|Any CPU.ActiveCfg = Release|Any CPU
		{447B9149-0794-44F7-A283-E8E4EAED48EB}.Release|Any CPU.Build.0 = Release|Any CPU
	EndGlobalSection
	GlobalSection(SolutionProperties) = preSolution
		HideSolutionNode = FALSE
	EndGlobalSection
	GlobalSection(ExtensibilityGlobals) = postSolution
		SolutionGuid = {5446C9CE-598E-472A-A6BC-512090B0FDB2}
	EndGlobalSection
EndGlobal
